
Microsoft Visual Studio Solution File, Format Version 12.00
# Visual Studio Version 16
VisualStudioVersion = 16.0.29123.88
MinimumVisualStudioVersion = 10.0.40219.1
Project("{FAE04EC0-301F-11D3-BF4B-00C04F79EFBC}") = "Calculator", "Calculator.csproj", "{B4069AF1-2574-4FB6-AA9A-AC542EFCA60D}"
EndProject
Global
	GlobalSection(SolutionConfigurationPlatforms) = preSolution
		Debug|Any CPU = Debug|Any CPU
		Release|Any CPU = Release|Any CPU
	EndGlobalSection
	GlobalSection(ProjectConfigurationPlatforms) = postSolution
		{B4069AF1-2574-4FB6-AA9A-AC542EFCA60D}.Debug|Any CPU.ActiveCfg = Debug|Any CPU
		{B4069AF1-2574-4FB6-AA9A-AC542EFCA60D}.Debug|Any CPU.Build.0 = Debug|Any CPU
		{B4069AF1-2574-4FB6-AA9A-AC542EFCA60D}.Release|Any CPU.ActiveCfg = Release|Any CPU
		{B4069AF1-2574-4FB6-AA9A-AC542EFCA60D}.Release|Any CPU.Build.0 = Release|Any CPU
	EndGlobalSection
	GlobalSection(SolutionProperties) = preSolution
		HideSolutionNode = FALSE
	EndGlobalSection
	GlobalSection(ExtensibilityGlobals) = postSolution
		SolutionGuid = {972F2DFA-73D9-4010-B67E-9B26C3625B29}
	EndGlobalSection
EndGlobal
